
Microsoft Visual Studio Solution File, Format Version 12.00
# Visual Studio Version 17
VisualStudioVersion = 17.0.31717.71
MinimumVisualStudioVersion = 10.0.40219.1
Project("{9A19103F-16F7-4668-BE54-9A1E7A4F7556}") = "Library.API", "Library.API\Library.API.csproj", "{61C80719-D221-4492-9C6A-B72AD72782FE}"
EndProject
Project("{FAE04EC0-301F-11D3-BF4B-00C04F79EFBC}") = "TestApp", "TestApp\TestApp.csproj", "{7854B41C-42C4-4EEE-9897-AE214F0E6B5E}"
EndProject
Global
	GlobalSection(SolutionConfigurationPlatforms) = preSolution
		Debug|Any CPU = Debug|Any CPU
		Release|Any CPU = Release|Any CPU
	EndGlobalSection
	GlobalSection(ProjectConfigurationPlatforms) = postSolution
		{61C80719-D221-4492-9C6A-B72AD72782FE}.Debug|Any CPU.ActiveCfg = Debug|Any CPU
		{61C80719-D221-4492-9C6A-B72AD72782FE}.Debug|Any CPU.Build.0 = Debug|Any CPU
		{61C80719-D221-4492-9C6A-B72AD72782FE}.Release|Any CPU.ActiveCfg = Release|Any CPU
		{61C80719-D221-4492-9C6A-B72AD72782FE}.Release|Any CPU.Build.0 = Release|Any CPU
		{7854B41C-42C4-4EEE-9897-AE214F0E6B5E}.Debug|Any CPU.ActiveCfg = Debug|Any CPU
		{7854B41C-42C4-4EEE-9897-AE214F0E6B5E}.Debug|Any CPU.Build.0 = Debug|Any CPU
		{7854B41C-42C4-4EEE-9897-AE214F0E6B5E}.Release|Any CPU.ActiveCfg = Release|Any CPU
		{7854B41C-42C4-4EEE-9897-AE214F0E6B5E}.Release|Any CPU.Build.0 = Release|Any CPU
	EndGlobalSection
	GlobalSection(SolutionProperties) = preSolution
		HideSolutionNode = FALSE
	EndGlobalSection
	GlobalSection(ExtensibilityGlobals) = postSolution
		SolutionGuid = {C9722FAC-F87A-431C-A0A8-F0646868D06D}
	EndGlobalSection
EndGlobal
